// !$*UTF8*$!
{
	archiveVersion = 1;
	classes = {
	};
	objectVersion = 51;
	objects = {

/* Begin PBXBuildFile section */
		2C763DA6263AFA5400C10E3A /* AppDelegate.swift in Sources */ = {isa = PBXBuildFile; fileRef = 2C763DA5263AFA5400C10E3A /* AppDelegate.swift */; };
		2C763DA8263AFA5400C10E3A /* SceneDelegate.swift in Sources */ = {isa = PBXBuildFile; fileRef = 2C763DA7263AFA5400C10E3A /* SceneDelegate.swift */; };
		2C763DAA263AFA5400C10E3A /* ViewController.swift in Sources */ = {isa = PBXBuildFile; fileRef = 2C763DA9263AFA5400C10E3A /* ViewController.swift */; };
		2C763DAD263AFA5400C10E3A /* Main.storyboard in Resources */ = {isa = PBXBuildFile; fileRef = 2C763DAB263AFA5400C10E3A /* Main.storyboard */; };
		2C763DAF263AFA5500C10E3A /* Assets.xcassets in Resources */ = {isa = PBXBuildFile; fileRef = 2C763DAE263AFA5500C10E3A /* Assets.xcassets */; };
		2C763DB2263AFA5500C10E3A /* LaunchScreen.storyboard in Resources */ = {isa = PBXBuildFile; fileRef = 2C763DB0263AFA5500C10E3A /* LaunchScreen.storyboard */; };
		2C763DBD263AFA5500C10E3A /* gripTests.swift in Sources */ = {isa = PBXBuildFile; fileRef = 2C763DBC263AFA5500C10E3A /* gripTests.swift */; };
		2C763DC8263AFA5500C10E3A /* gripUITests.swift in Sources */ = {isa = PBXBuildFile; fileRef = 2C763DC7263AFA5500C10E3A /* gripUITests.swift */; };
		2C763DE1263AFB2000C10E3A /* GPTabBarController.swift in Sources */ = {isa = PBXBuildFile; fileRef = 2C763DE0263AFB2000C10E3A /* GPTabBarController.swift */; };
		2CD0A2EC26497D4500D95D42 /* String+.swift in Sources */ = {isa = PBXBuildFile; fileRef = 2CD0A2EB26497D4500D95D42 /* String+.swift */; };
		2CD0A2F426497D6000D95D42 /* NSAttributedString+.swift in Sources */ = {isa = PBXBuildFile; fileRef = 2CD0A2F326497D6000D95D42 /* NSAttributedString+.swift */; };
		2CD0A2F926497F3800D95D42 /* NSMutableAttributedString+.swift in Sources */ = {isa = PBXBuildFile; fileRef = 2CD0A2F826497F3800D95D42 /* NSMutableAttributedString+.swift */; };
		5CA08DC21D9372E9EBE9C387 /* Pods_gripTests.framework in Frameworks */ = {isa = PBXBuildFile; fileRef = 94D872D9A9F9106737326856 /* Pods_gripTests.framework */; };
		5EE8E4A58F081351706FD8AC /* Pods_grip_gripUITests.framework in Frameworks */ = {isa = PBXBuildFile; fileRef = E1374F4B15C0B3B4A68D290B /* Pods_grip_gripUITests.framework */; };
		E58D22A650CBCEB2E97EBCA6 /* Pods_grip.framework in Frameworks */ = {isa = PBXBuildFile; fileRef = A8CB9C9487B595A9D49C5D0A /* Pods_grip.framework */; };
/* End PBXBuildFile section */

/* Begin PBXContainerItemProxy section */
		2C763DB9263AFA5500C10E3A /* PBXContainerItemProxy */ = {
			isa = PBXContainerItemProxy;
			containerPortal = 2C763D9A263AFA5400C10E3A /* Project object */;
			proxyType = 1;
			remoteGlobalIDString = 2C763DA1263AFA5400C10E3A;
			remoteInfo = grip;
		};
		2C763DC4263AFA5500C10E3A /* PBXContainerItemProxy */ = {
			isa = PBXContainerItemProxy;
			containerPortal = 2C763D9A263AFA5400C10E3A /* Project object */;
			proxyType = 1;
			remoteGlobalIDString = 2C763DA1263AFA5400C10E3A;
			remoteInfo = grip;
		};
/* End PBXContainerItemProxy section */

/* Begin PBXFileReference section */
		03AED6B7A8049BFAC4C91644 /* Pods-grip.release.xcconfig */ = {isa = PBXFileReference; includeInIndex = 1; lastKnownFileType = text.xcconfig; name = "Pods-grip.release.xcconfig"; path = "Target Support Files/Pods-grip/Pods-grip.release.xcconfig"; sourceTree = "<group>"; };
		0574E006B405FA0B0A50F99E /* Pods-grip-gripUITests.debug.xcconfig */ = {isa = PBXFileReference; includeInIndex = 1; lastKnownFileType = text.xcconfig; name = "Pods-grip-gripUITests.debug.xcconfig"; path = "Target Support Files/Pods-grip-gripUITests/Pods-grip-gripUITests.debug.xcconfig"; sourceTree = "<group>"; };
		2A394075FC949379C75153B2 /* Pods-grip-gripUITests.release.xcconfig */ = {isa = PBXFileReference; includeInIndex = 1; lastKnownFileType = text.xcconfig; name = "Pods-grip-gripUITests.release.xcconfig"; path = "Target Support Files/Pods-grip-gripUITests/Pods-grip-gripUITests.release.xcconfig"; sourceTree = "<group>"; };
		2C763DA2263AFA5400C10E3A /* grip.app */ = {isa = PBXFileReference; explicitFileType = wrapper.application; includeInIndex = 0; path = grip.app; sourceTree = BUILT_PRODUCTS_DIR; };
		2C763DA5263AFA5400C10E3A /* AppDelegate.swift */ = {isa = PBXFileReference; lastKnownFileType = sourcecode.swift; path = AppDelegate.swift; sourceTree = "<group>"; };
		2C763DA7263AFA5400C10E3A /* SceneDelegate.swift */ = {isa = PBXFileReference; lastKnownFileType = sourcecode.swift; path = SceneDelegate.swift; sourceTree = "<group>"; };
		2C763DA9263AFA5400C10E3A /* ViewController.swift */ = {isa = PBXFileReference; lastKnownFileType = sourcecode.swift; path = ViewController.swift; sourceTree = "<group>"; };
		2C763DAC263AFA5400C10E3A /* Base */ = {isa = PBXFileReference; lastKnownFileType = file.storyboard; name = Base; path = Base.lproj/Main.storyboard; sourceTree = "<group>"; };
		2C763DAE263AFA5500C10E3A /* Assets.xcassets */ = {isa = PBXFileReference; lastKnownFileType = folder.assetcatalog; path = Assets.xcassets; sourceTree = "<group>"; };
		2C763DB1263AFA5500C10E3A /* Base */ = {isa = PBXFileReference; lastKnownFileType = file.storyboard; name = Base; path = Base.lproj/LaunchScreen.storyboard; sourceTree = "<group>"; };
		2C763DB3263AFA5500C10E3A /* Info.plist */ = {isa = PBXFileReference; lastKnownFileType = text.plist.xml; path = Info.plist; sourceTree = "<group>"; };
		2C763DB8263AFA5500C10E3A /* gripTests.xctest */ = {isa = PBXFileReference; explicitFileType = wrapper.cfbundle; includeInIndex = 0; path = gripTests.xctest; sourceTree = BUILT_PRODUCTS_DIR; };
		2C763DBC263AFA5500C10E3A /* gripTests.swift */ = {isa = PBXFileReference; lastKnownFileType = sourcecode.swift; path = gripTests.swift; sourceTree = "<group>"; };
		2C763DBE263AFA5500C10E3A /* Info.plist */ = {isa = PBXFileReference; lastKnownFileType = text.plist.xml; path = Info.plist; sourceTree = "<group>"; };
		2C763DC3263AFA5500C10E3A /* gripUITests.xctest */ = {isa = PBXFileReference; explicitFileType = wrapper.cfbundle; includeInIndex = 0; path = gripUITests.xctest; sourceTree = BUILT_PRODUCTS_DIR; };
		2C763DC7263AFA5500C10E3A /* gripUITests.swift */ = {isa = PBXFileReference; lastKnownFileType = sourcecode.swift; path = gripUITests.swift; sourceTree = "<group>"; };
		2C763DC9263AFA5500C10E3A /* Info.plist */ = {isa = PBXFileReference; lastKnownFileType = text.plist.xml; path = Info.plist; sourceTree = "<group>"; };
		2C763DE0263AFB2000C10E3A /* GPTabBarController.swift */ = {isa = PBXFileReference; lastKnownFileType = sourcecode.swift; path = GPTabBarController.swift; sourceTree = "<group>"; };
		2CB3070D2653735200E00652 /* SwiftyToolTip.podspec */ = {isa = PBXFileReference; fileEncoding = 4; lastKnownFileType = text; name = SwiftyToolTip.podspec; path = ../../pods/SwiftyToolTip/SwiftyToolTip.podspec; sourceTree = "<group>"; };
		2CD0A2EB26497D4500D95D42 /* String+.swift */ = {isa = PBXFileReference; lastKnownFileType = sourcecode.swift; path = "String+.swift"; sourceTree = "<group>"; };
		2CD0A2F326497D6000D95D42 /* NSAttributedString+.swift */ = {isa = PBXFileReference; lastKnownFileType = sourcecode.swift; path = "NSAttributedString+.swift"; sourceTree = "<group>"; };
		2CD0A2F826497F3800D95D42 /* NSMutableAttributedString+.swift */ = {isa = PBXFileReference; lastKnownFileType = sourcecode.swift; path = "NSMutableAttributedString+.swift"; sourceTree = "<group>"; };
		31B1970956E0E48A75A53EEE /* Pods-gripTests.release.xcconfig */ = {isa = PBXFileReference; includeInIndex = 1; lastKnownFileType = text.xcconfig; name = "Pods-gripTests.release.xcconfig"; path = "Target Support Files/Pods-gripTests/Pods-gripTests.release.xcconfig"; sourceTree = "<group>"; };
		3D26A7E2D3742A0506FD1D50 /* Pods-gripTests.debug.xcconfig */ = {isa = PBXFileReference; includeInIndex = 1; lastKnownFileType = text.xcconfig; name = "Pods-gripTests.debug.xcconfig"; path = "Target Support Files/Pods-gripTests/Pods-gripTests.debug.xcconfig"; sourceTree = "<group>"; };
		6B5F486DB0CAA83C67FA8AF4 /* Pods-grip.debug.xcconfig */ = {isa = PBXFileReference; includeInIndex = 1; lastKnownFileType = text.xcconfig; name = "Pods-grip.debug.xcconfig"; path = "Target Support Files/Pods-grip/Pods-grip.debug.xcconfig"; sourceTree = "<group>"; };
		94D872D9A9F9106737326856 /* Pods_gripTests.framework */ = {isa = PBXFileReference; explicitFileType = wrapper.framework; includeInIndex = 0; path = Pods_gripTests.framework; sourceTree = BUILT_PRODUCTS_DIR; };
		A8CB9C9487B595A9D49C5D0A /* Pods_grip.framework */ = {isa = PBXFileReference; explicitFileType = wrapper.framework; includeInIndex = 0; path = Pods_grip.framework; sourceTree = BUILT_PRODUCTS_DIR; };
		E1374F4B15C0B3B4A68D290B /* Pods_grip_gripUITests.framework */ = {isa = PBXFileReference; explicitFileType = wrapper.framework; includeInIndex = 0; path = Pods_grip_gripUITests.framework; sourceTree = BUILT_PRODUCTS_DIR; };
/* End PBXFileReference section */

/* Begin PBXFrameworksBuildPhase section */
		2C763D9F263AFA5400C10E3A /* Frameworks */ = {
			isa = PBXFrameworksBuildPhase;
			buildActionMask = 2147483647;
			files = (
				E58D22A650CBCEB2E97EBCA6 /* Pods_grip.framework in Frameworks */,
			);
			runOnlyForDeploymentPostprocessing = 0;
		};
		2C763DB5263AFA5500C10E3A /* Frameworks */ = {
			isa = PBXFrameworksBuildPhase;
			buildActionMask = 2147483647;
			files = (
				5CA08DC21D9372E9EBE9C387 /* Pods_gripTests.framework in Frameworks */,
			);
			runOnlyForDeploymentPostprocessing = 0;
		};
		2C763DC0263AFA5500C10E3A /* Frameworks */ = {
			isa = PBXFrameworksBuildPhase;
			buildActionMask = 2147483647;
			files = (
				5EE8E4A58F081351706FD8AC /* Pods_grip_gripUITests.framework in Frameworks */,
			);
			runOnlyForDeploymentPostprocessing = 0;
		};
/* End PBXFrameworksBuildPhase section */

/* Begin PBXGroup section */
		2C763D99263AFA5400C10E3A = {
			isa = PBXGroup;
			children = (
				2CB3070D2653735200E00652 /* SwiftyToolTip.podspec */,
				2C763DA4263AFA5400C10E3A /* grip */,
				2C763DBB263AFA5500C10E3A /* gripTests */,
				2C763DC6263AFA5500C10E3A /* gripUITests */,
				2C763DA3263AFA5400C10E3A /* Products */,
				9FF85D2EBF19040901D96556 /* Pods */,
				B9C22EF6507616AC791ACD09 /* Frameworks */,
			);
			sourceTree = "<group>";
		};
		2C763DA3263AFA5400C10E3A /* Products */ = {
			isa = PBXGroup;
			children = (
				2C763DA2263AFA5400C10E3A /* grip.app */,
				2C763DB8263AFA5500C10E3A /* gripTests.xctest */,
				2C763DC3263AFA5500C10E3A /* gripUITests.xctest */,
			);
			name = Products;
			sourceTree = "<group>";
		};
		2C763DA4263AFA5400C10E3A /* grip */ = {
			isa = PBXGroup;
			children = (
				2CD0A2EA26497D1800D95D42 /* extensions */,
				2C763DDB263AFA7E00C10E3A /* viewControllers */,
				2C763DA5263AFA5400C10E3A /* AppDelegate.swift */,
				2C763DA7263AFA5400C10E3A /* SceneDelegate.swift */,
				2C763DA9263AFA5400C10E3A /* ViewController.swift */,
				2C763DAB263AFA5400C10E3A /* Main.storyboard */,
				2C763DAE263AFA5500C10E3A /* Assets.xcassets */,
				2C763DB0263AFA5500C10E3A /* LaunchScreen.storyboard */,
				2C763DB3263AFA5500C10E3A /* Info.plist */,
			);
			path = grip;
			sourceTree = "<group>";
		};
		2C763DBB263AFA5500C10E3A /* gripTests */ = {
			isa = PBXGroup;
			children = (
				2C763DBC263AFA5500C10E3A /* gripTests.swift */,
				2C763DBE263AFA5500C10E3A /* Info.plist */,
			);
			path = gripTests;
			sourceTree = "<group>";
		};
		2C763DC6263AFA5500C10E3A /* gripUITests */ = {
			isa = PBXGroup;
			children = (
				2C763DC7263AFA5500C10E3A /* gripUITests.swift */,
				2C763DC9263AFA5500C10E3A /* Info.plist */,
			);
			path = gripUITests;
			sourceTree = "<group>";
		};
		2C763DDB263AFA7E00C10E3A /* viewControllers */ = {
			isa = PBXGroup;
			children = (
				2C763DE0263AFB2000C10E3A /* GPTabBarController.swift */,
			);
			path = viewControllers;
			sourceTree = "<group>";
		};
		2CD0A2EA26497D1800D95D42 /* extensions */ = {
			isa = PBXGroup;
			children = (
				2CD0A2EB26497D4500D95D42 /* String+.swift */,
				2CD0A2F326497D6000D95D42 /* NSAttributedString+.swift */,
				2CD0A2F826497F3800D95D42 /* NSMutableAttributedString+.swift */,
			);
			path = extensions;
			sourceTree = "<group>";
		};
		9FF85D2EBF19040901D96556 /* Pods */ = {
			isa = PBXGroup;
			children = (
				6B5F486DB0CAA83C67FA8AF4 /* Pods-grip.debug.xcconfig */,
				03AED6B7A8049BFAC4C91644 /* Pods-grip.release.xcconfig */,
				0574E006B405FA0B0A50F99E /* Pods-grip-gripUITests.debug.xcconfig */,
				2A394075FC949379C75153B2 /* Pods-grip-gripUITests.release.xcconfig */,
				3D26A7E2D3742A0506FD1D50 /* Pods-gripTests.debug.xcconfig */,
				31B1970956E0E48A75A53EEE /* Pods-gripTests.release.xcconfig */,
			);
			path = Pods;
			sourceTree = "<group>";
		};
		B9C22EF6507616AC791ACD09 /* Frameworks */ = {
			isa = PBXGroup;
			children = (
				A8CB9C9487B595A9D49C5D0A /* Pods_grip.framework */,
				E1374F4B15C0B3B4A68D290B /* Pods_grip_gripUITests.framework */,
				94D872D9A9F9106737326856 /* Pods_gripTests.framework */,
			);
			name = Frameworks;
			sourceTree = "<group>";
		};
/* End PBXGroup section */

/* Begin PBXNativeTarget section */
		2C763DA1263AFA5400C10E3A /* grip */ = {
			isa = PBXNativeTarget;
			buildConfigurationList = 2C763DCC263AFA5500C10E3A /* Build configuration list for PBXNativeTarget "grip" */;
			buildPhases = (
				EE7ACCB2395953497261F514 /* [CP] Check Pods Manifest.lock */,
				2C763D9E263AFA5400C10E3A /* Sources */,
				2C763D9F263AFA5400C10E3A /* Frameworks */,
				2C763DA0263AFA5400C10E3A /* Resources */,
				0B4D69AC2D96B032837587A2 /* [CP] Embed Pods Frameworks */,
			);
			buildRules = (
			);
			dependencies = (
			);
			name = grip;
			productName = grip;
			productReference = 2C763DA2263AFA5400C10E3A /* grip.app */;
			productType = "com.apple.product-type.application";
		};
		2C763DB7263AFA5500C10E3A /* gripTests */ = {
			isa = PBXNativeTarget;
			buildConfigurationList = 2C763DCF263AFA5500C10E3A /* Build configuration list for PBXNativeTarget "gripTests" */;
			buildPhases = (
				1E1B4443BB77B18F9AB07D16 /* [CP] Check Pods Manifest.lock */,
				2C763DB4263AFA5500C10E3A /* Sources */,
				2C763DB5263AFA5500C10E3A /* Frameworks */,
				2C763DB6263AFA5500C10E3A /* Resources */,
			);
			buildRules = (
			);
			dependencies = (
				2C763DBA263AFA5500C10E3A /* PBXTargetDependency */,
			);
			name = gripTests;
			productName = gripTests;
			productReference = 2C763DB8263AFA5500C10E3A /* gripTests.xctest */;
			productType = "com.apple.product-type.bundle.unit-test";
		};
		2C763DC2263AFA5500C10E3A /* gripUITests */ = {
			isa = PBXNativeTarget;
			buildConfigurationList = 2C763DD2263AFA5500C10E3A /* Build configuration list for PBXNativeTarget "gripUITests" */;
			buildPhases = (
				9225016702CDF7A28E2DE60B /* [CP] Check Pods Manifest.lock */,
				2C763DBF263AFA5500C10E3A /* Sources */,
				2C763DC0263AFA5500C10E3A /* Frameworks */,
				2C763DC1263AFA5500C10E3A /* Resources */,
				968BD531916BAE6F6FFDDF81 /* [CP] Embed Pods Frameworks */,
			);
			buildRules = (
			);
			dependencies = (
				2C763DC5263AFA5500C10E3A /* PBXTargetDependency */,
			);
			name = gripUITests;
			productName = gripUITests;
			productReference = 2C763DC3263AFA5500C10E3A /* gripUITests.xctest */;
			productType = "com.apple.product-type.bundle.ui-testing";
		};
/* End PBXNativeTarget section */

/* Begin PBXProject section */
		2C763D9A263AFA5400C10E3A /* Project object */ = {
			isa = PBXProject;
			attributes = {
				LastSwiftUpdateCheck = 1240;
				LastUpgradeCheck = 1240;
				TargetAttributes = {
					2C763DA1263AFA5400C10E3A = {
						CreatedOnToolsVersion = 12.4;
					};
					2C763DB7263AFA5500C10E3A = {
						CreatedOnToolsVersion = 12.4;
						TestTargetID = 2C763DA1263AFA5400C10E3A;
					};
					2C763DC2263AFA5500C10E3A = {
						CreatedOnToolsVersion = 12.4;
						TestTargetID = 2C763DA1263AFA5400C10E3A;
					};
				};
			};
			buildConfigurationList = 2C763D9D263AFA5400C10E3A /* Build configuration list for PBXProject "grip" */;
			compatibilityVersion = "Xcode 9.3";
			developmentRegion = en;
			hasScannedForEncodings = 0;
			knownRegions = (
				en,
				Base,
			);
			mainGroup = 2C763D99263AFA5400C10E3A;
			productRefGroup = 2C763DA3263AFA5400C10E3A /* Products */;
			projectDirPath = "";
			projectRoot = "";
			targets = (
				2C763DA1263AFA5400C10E3A /* grip */,
				2C763DB7263AFA5500C10E3A /* gripTests */,
				2C763DC2263AFA5500C10E3A /* gripUITests */,
			);
		};
/* End PBXProject section */

/* Begin PBXResourcesBuildPhase section */
		2C763DA0263AFA5400C10E3A /* Resources */ = {
			isa = PBXResourcesBuildPhase;
			buildActionMask = 2147483647;
			files = (
				2C763DB2263AFA5500C10E3A /* LaunchScreen.storyboard in Resources */,
				2C763DAF263AFA5500C10E3A /* Assets.xcassets in Resources */,
				2C763DAD263AFA5400C10E3A /* Main.storyboard in Resources */,
			);
			runOnlyForDeploymentPostprocessing = 0;
		};
		2C763DB6263AFA5500C10E3A /* Resources */ = {
			isa = PBXResourcesBuildPhase;
			buildActionMask = 2147483647;
			files = (
			);
			runOnlyForDeploymentPostprocessing = 0;
		};
		2C763DC1263AFA5500C10E3A /* Resources */ = {
			isa = PBXResourcesBuildPhase;
			buildActionMask = 2147483647;
			files = (
			);
			runOnlyForDeploymentPostprocessing = 0;
		};
/* End PBXResourcesBuildPhase section */

/* Begin PBXShellScriptBuildPhase section */
		0B4D69AC2D96B032837587A2 /* [CP] Embed Pods Frameworks */ = {
			isa = PBXShellScriptBuildPhase;
			buildActionMask = 2147483647;
			files = (
			);
			inputFileListPaths = (
				"${PODS_ROOT}/Target Support Files/Pods-grip/Pods-grip-frameworks-${CONFIGURATION}-input-files.xcfilelist",
			);
			name = "[CP] Embed Pods Frameworks";
			outputFileListPaths = (
				"${PODS_ROOT}/Target Support Files/Pods-grip/Pods-grip-frameworks-${CONFIGURATION}-output-files.xcfilelist",
			);
			runOnlyForDeploymentPostprocessing = 0;
			shellPath = /bin/sh;
			shellScript = "\"${PODS_ROOT}/Target Support Files/Pods-grip/Pods-grip-frameworks.sh\"\n";
			showEnvVarsInLog = 0;
		};
		1E1B4443BB77B18F9AB07D16 /* [CP] Check Pods Manifest.lock */ = {
			isa = PBXShellScriptBuildPhase;
			buildActionMask = 2147483647;
			files = (
			);
			inputFileListPaths = (
			);
			inputPaths = (
				"${PODS_PODFILE_DIR_PATH}/Podfile.lock",
				"${PODS_ROOT}/Manifest.lock",
			);
			name = "[CP] Check Pods Manifest.lock";
			outputFileListPaths = (
			);
			outputPaths = (
				"$(DERIVED_FILE_DIR)/Pods-gripTests-checkManifestLockResult.txt",
			);
			runOnlyForDeploymentPostprocessing = 0;
			shellPath = /bin/sh;
			shellScript = "diff \"${PODS_PODFILE_DIR_PATH}/Podfile.lock\" \"${PODS_ROOT}/Manifest.lock\" > /dev/null\nif [ $? != 0 ] ; then\n    # print error to STDERR\n    echo \"error: The sandbox is not in sync with the Podfile.lock. Run 'pod install' or update your CocoaPods installation.\" >&2\n    exit 1\nfi\n# This output is used by Xcode 'outputs' to avoid re-running this script phase.\necho \"SUCCESS\" > \"${SCRIPT_OUTPUT_FILE_0}\"\n";
			showEnvVarsInLog = 0;
		};
		9225016702CDF7A28E2DE60B /* [CP] Check Pods Manifest.lock */ = {
			isa = PBXShellScriptBuildPhase;
			buildActionMask = 2147483647;
			files = (
			);
			inputFileListPaths = (
			);
			inputPaths = (
				"${PODS_PODFILE_DIR_PATH}/Podfile.lock",
				"${PODS_ROOT}/Manifest.lock",
			);
			name = "[CP] Check Pods Manifest.lock";
			outputFileListPaths = (
			);
			outputPaths = (
				"$(DERIVED_FILE_DIR)/Pods-grip-gripUITests-checkManifestLockResult.txt",
			);
			runOnlyForDeploymentPostprocessing = 0;
			shellPath = /bin/sh;
			shellScript = "diff \"${PODS_PODFILE_DIR_PATH}/Podfile.lock\" \"${PODS_ROOT}/Manifest.lock\" > /dev/null\nif [ $? != 0 ] ; then\n    # print error to STDERR\n    echo \"error: The sandbox is not in sync with the Podfile.lock. Run 'pod install' or update your CocoaPods installation.\" >&2\n    exit 1\nfi\n# This output is used by Xcode 'outputs' to avoid re-running this script phase.\necho \"SUCCESS\" > \"${SCRIPT_OUTPUT_FILE_0}\"\n";
			showEnvVarsInLog = 0;
		};
		968BD531916BAE6F6FFDDF81 /* [CP] Embed Pods Frameworks */ = {
			isa = PBXShellScriptBuildPhase;
			buildActionMask = 2147483647;
			files = (
			);
			inputFileListPaths = (
				"${PODS_ROOT}/Target Support Files/Pods-grip-gripUITests/Pods-grip-gripUITests-frameworks-${CONFIGURATION}-input-files.xcfilelist",
			);
			name = "[CP] Embed Pods Frameworks";
			outputFileListPaths = (
				"${PODS_ROOT}/Target Support Files/Pods-grip-gripUITests/Pods-grip-gripUITests-frameworks-${CONFIGURATION}-output-files.xcfilelist",
			);
			runOnlyForDeploymentPostprocessing = 0;
			shellPath = /bin/sh;
			shellScript = "\"${PODS_ROOT}/Target Support Files/Pods-grip-gripUITests/Pods-grip-gripUITests-frameworks.sh\"\n";
			showEnvVarsInLog = 0;
		};
		EE7ACCB2395953497261F514 /* [CP] Check Pods Manifest.lock */ = {
			isa = PBXShellScriptBuildPhase;
			buildActionMask = 2147483647;
			files = (
			);
			inputFileListPaths = (
			);
			inputPaths = (
				"${PODS_PODFILE_DIR_PATH}/Podfile.lock",
				"${PODS_ROOT}/Manifest.lock",
			);
			name = "[CP] Check Pods Manifest.lock";
			outputFileListPaths = (
			);
			outputPaths = (
				"$(DERIVED_FILE_DIR)/Pods-grip-checkManifestLockResult.txt",
			);
			runOnlyForDeploymentPostprocessing = 0;
			shellPath = /bin/sh;
			shellScript = "diff \"${PODS_PODFILE_DIR_PATH}/Podfile.lock\" \"${PODS_ROOT}/Manifest.lock\" > /dev/null\nif [ $? != 0 ] ; then\n    # print error to STDERR\n    echo \"error: The sandbox is not in sync with the Podfile.lock. Run 'pod install' or update your CocoaPods installation.\" >&2\n    exit 1\nfi\n# This output is used by Xcode 'outputs' to avoid re-running this script phase.\necho \"SUCCESS\" > \"${SCRIPT_OUTPUT_FILE_0}\"\n";
			showEnvVarsInLog = 0;
		};
/* End PBXShellScriptBuildPhase section */

/* Begin PBXSourcesBuildPhase section */
		2C763D9E263AFA5400C10E3A /* Sources */ = {
			isa = PBXSourcesBuildPhase;
			buildActionMask = 2147483647;
			files = (
				2C763DAA263AFA5400C10E3A /* ViewController.swift in Sources */,
				2CD0A2F426497D6000D95D42 /* NSAttributedString+.swift in Sources */,
				2C763DA6263AFA5400C10E3A /* AppDelegate.swift in Sources */,
				2CD0A2F926497F3800D95D42 /* NSMutableAttributedString+.swift in Sources */,
				2CD0A2EC26497D4500D95D42 /* String+.swift in Sources */,
				2C763DE1263AFB2000C10E3A /* GPTabBarController.swift in Sources */,
				2C763DA8263AFA5400C10E3A /* SceneDelegate.swift in Sources */,
			);
			runOnlyForDeploymentPostprocessing = 0;
		};
		2C763DB4263AFA5500C10E3A /* Sources */ = {
			isa = PBXSourcesBuildPhase;
			buildActionMask = 2147483647;
			files = (
				2C763DBD263AFA5500C10E3A /* gripTests.swift in Sources */,
			);
			runOnlyForDeploymentPostprocessing = 0;
		};
		2C763DBF263AFA5500C10E3A /* Sources */ = {
			isa = PBXSourcesBuildPhase;
			buildActionMask = 2147483647;
			files = (
				2C763DC8263AFA5500C10E3A /* gripUITests.swift in Sources */,
			);
			runOnlyForDeploymentPostprocessing = 0;
		};
/* End PBXSourcesBuildPhase section */

/* Begin PBXTargetDependency section */
		2C763DBA263AFA5500C10E3A /* PBXTargetDependency */ = {
			isa = PBXTargetDependency;
			target = 2C763DA1263AFA5400C10E3A /* grip */;
			targetProxy = 2C763DB9263AFA5500C10E3A /* PBXContainerItemProxy */;
		};
		2C763DC5263AFA5500C10E3A /* PBXTargetDependency */ = {
			isa = PBXTargetDependency;
			target = 2C763DA1263AFA5400C10E3A /* grip */;
			targetProxy = 2C763DC4263AFA5500C10E3A /* PBXContainerItemProxy */;
		};
/* End PBXTargetDependency section */

/* Begin PBXVariantGroup section */
		2C763DAB263AFA5400C10E3A /* Main.storyboard */ = {
			isa = PBXVariantGroup;
			children = (
				2C763DAC263AFA5400C10E3A /* Base */,
			);
			name = Main.storyboard;
			sourceTree = "<group>";
		};
		2C763DB0263AFA5500C10E3A /* LaunchScreen.storyboard */ = {
			isa = PBXVariantGroup;
			children = (
				2C763DB1263AFA5500C10E3A /* Base */,
			);
			name = LaunchScreen.storyboard;
			sourceTree = "<group>";
		};
/* End PBXVariantGroup section */

/* Begin XCBuildConfiguration section */
		2C763DCA263AFA5500C10E3A /* Debug */ = {
			isa = XCBuildConfiguration;
			buildSettings = {
				ALWAYS_SEARCH_USER_PATHS = NO;
				CLANG_ANALYZER_NONNULL = YES;
				CLANG_ANALYZER_NUMBER_OBJECT_CONVERSION = YES_AGGRESSIVE;
				CLANG_CXX_LANGUAGE_STANDARD = "gnu++14";
				CLANG_CXX_LIBRARY = "libc++";
				CLANG_ENABLE_MODULES = YES;
				CLANG_ENABLE_OBJC_ARC = YES;
				CLANG_ENABLE_OBJC_WEAK = YES;
				CLANG_WARN_BLOCK_CAPTURE_AUTORELEASING = YES;
				CLANG_WARN_BOOL_CONVERSION = YES;
				CLANG_WARN_COMMA = YES;
				CLANG_WARN_CONSTANT_CONVERSION = YES;
				CLANG_WARN_DEPRECATED_OBJC_IMPLEMENTATIONS = YES;
				CLANG_WARN_DIRECT_OBJC_ISA_USAGE = YES_ERROR;
				CLANG_WARN_DOCUMENTATION_COMMENTS = YES;
				CLANG_WARN_EMPTY_BODY = YES;
				CLANG_WARN_ENUM_CONVERSION = YES;
				CLANG_WARN_INFINITE_RECURSION = YES;
				CLANG_WARN_INT_CONVERSION = YES;
				CLANG_WARN_NON_LITERAL_NULL_CONVERSION = YES;
				CLANG_WARN_OBJC_IMPLICIT_RETAIN_SELF = YES;
				CLANG_WARN_OBJC_LITERAL_CONVERSION = YES;
				CLANG_WARN_OBJC_ROOT_CLASS = YES_ERROR;
				CLANG_WARN_QUOTED_INCLUDE_IN_FRAMEWORK_HEADER = YES;
				CLANG_WARN_RANGE_LOOP_ANALYSIS = YES;
				CLANG_WARN_STRICT_PROTOTYPES = YES;
				CLANG_WARN_SUSPICIOUS_MOVE = YES;
				CLANG_WARN_UNGUARDED_AVAILABILITY = YES_AGGRESSIVE;
				CLANG_WARN_UNREACHABLE_CODE = YES;
				CLANG_WARN__DUPLICATE_METHOD_MATCH = YES;
				COPY_PHASE_STRIP = NO;
				DEBUG_INFORMATION_FORMAT = dwarf;
				ENABLE_STRICT_OBJC_MSGSEND = YES;
				ENABLE_TESTABILITY = YES;
				GCC_C_LANGUAGE_STANDARD = gnu11;
				GCC_DYNAMIC_NO_PIC = NO;
				GCC_NO_COMMON_BLOCKS = YES;
				GCC_OPTIMIZATION_LEVEL = 0;
				GCC_PREPROCESSOR_DEFINITIONS = (
					"DEBUG=1",
					"$(inherited)",
				);
				GCC_WARN_64_TO_32_BIT_CONVERSION = YES;
				GCC_WARN_ABOUT_RETURN_TYPE = YES_ERROR;
				GCC_WARN_UNDECLARED_SELECTOR = YES;
				GCC_WARN_UNINITIALIZED_AUTOS = YES_AGGRESSIVE;
				GCC_WARN_UNUSED_FUNCTION = YES;
				GCC_WARN_UNUSED_VARIABLE = YES;
				IPHONEOS_DEPLOYMENT_TARGET = 14.4;
				MTL_ENABLE_DEBUG_INFO = INCLUDE_SOURCE;
				MTL_FAST_MATH = YES;
				ONLY_ACTIVE_ARCH = YES;
				SDKROOT = iphoneos;
				SWIFT_ACTIVE_COMPILATION_CONDITIONS = DEBUG;
				SWIFT_OPTIMIZATION_LEVEL = "-Onone";
			};
			name = Debug;
		};
		2C763DCB263AFA5500C10E3A /* Release */ = {
			isa = XCBuildConfiguration;
			buildSettings = {
				ALWAYS_SEARCH_USER_PATHS = NO;
				CLANG_ANALYZER_NONNULL = YES;
				CLANG_ANALYZER_NUMBER_OBJECT_CONVERSION = YES_AGGRESSIVE;
				CLANG_CXX_LANGUAGE_STANDARD = "gnu++14";
				CLANG_CXX_LIBRARY = "libc++";
				CLANG_ENABLE_MODULES = YES;
				CLANG_ENABLE_OBJC_ARC = YES;
				CLANG_ENABLE_OBJC_WEAK = YES;
				CLANG_WARN_BLOCK_CAPTURE_AUTORELEASING = YES;
				CLANG_WARN_BOOL_CONVERSION = YES;
				CLANG_WARN_COMMA = YES;
				CLANG_WARN_CONSTANT_CONVERSION = YES;
				CLANG_WARN_DEPRECATED_OBJC_IMPLEMENTATIONS = YES;
				CLANG_WARN_DIRECT_OBJC_ISA_USAGE = YES_ERROR;
				CLANG_WARN_DOCUMENTATION_COMMENTS = YES;
				CLANG_WARN_EMPTY_BODY = YES;
				CLANG_WARN_ENUM_CONVERSION = YES;
				CLANG_WARN_INFINITE_RECURSION = YES;
				CLANG_WARN_INT_CONVERSION = YES;
				CLANG_WARN_NON_LITERAL_NULL_CONVERSION = YES;
				CLANG_WARN_OBJC_IMPLICIT_RETAIN_SELF = YES;
				CLANG_WARN_OBJC_LITERAL_CONVERSION = YES;
				CLANG_WARN_OBJC_ROOT_CLASS = YES_ERROR;
				CLANG_WARN_QUOTED_INCLUDE_IN_FRAMEWORK_HEADER = YES;
				CLANG_WARN_RANGE_LOOP_ANALYSIS = YES;
				CLANG_WARN_STRICT_PROTOTYPES = YES;
				CLANG_WARN_SUSPICIOUS_MOVE = YES;
				CLANG_WARN_UNGUARDED_AVAILABILITY = YES_AGGRESSIVE;
				CLANG_WARN_UNREACHABLE_CODE = YES;
				CLANG_WARN__DUPLICATE_METHOD_MATCH = YES;
				COPY_PHASE_STRIP = NO;
				DEBUG_INFORMATION_FORMAT = "dwarf-with-dsym";
				ENABLE_NS_ASSERTIONS = NO;
				ENABLE_STRICT_OBJC_MSGSEND = YES;
				GCC_C_LANGUAGE_STANDARD = gnu11;
				GCC_NO_COMMON_BLOCKS = YES;
				GCC_WARN_64_TO_32_BIT_CONVERSION = YES;
				GCC_WARN_ABOUT_RETURN_TYPE = YES_ERROR;
				GCC_WARN_UNDECLARED_SELECTOR = YES;
				GCC_WARN_UNINITIALIZED_AUTOS = YES_AGGRESSIVE;
				GCC_WARN_UNUSED_FUNCTION = YES;
				GCC_WARN_UNUSED_VARIABLE = YES;
				IPHONEOS_DEPLOYMENT_TARGET = 14.4;
				MTL_ENABLE_DEBUG_INFO = NO;
				MTL_FAST_MATH = YES;
				SDKROOT = iphoneos;
				SWIFT_COMPILATION_MODE = wholemodule;
				SWIFT_OPTIMIZATION_LEVEL = "-O";
				VALIDATE_PRODUCT = YES;
			};
			name = Release;
		};
		2C763DCD263AFA5500C10E3A /* Debug */ = {
			isa = XCBuildConfiguration;
			baseConfigurationReference = 6B5F486DB0CAA83C67FA8AF4 /* Pods-grip.debug.xcconfig */;
			buildSettings = {
				ASSETCATALOG_COMPILER_APPICON_NAME = AppIcon;
				ASSETCATALOG_COMPILER_GLOBAL_ACCENT_COLOR_NAME = AccentColor;
				CODE_SIGN_STYLE = Automatic;
				DEVELOPMENT_TEAM = M29A6H95KD;
				INFOPLIST_FILE = grip/Info.plist;
				IPHONEOS_DEPLOYMENT_TARGET = 11.0;
				LD_RUNPATH_SEARCH_PATHS = (
					"$(inherited)",
					"@executable_path/Frameworks",
				);
				PRODUCT_BUNDLE_IDENTIFIER = clonecoding.leesam.grip;
				PRODUCT_NAME = "$(TARGET_NAME)";
				SWIFT_VERSION = 5.0;
				TARGETED_DEVICE_FAMILY = "1,2";
			};
			name = Debug;
		};
		2C763DCE263AFA5500C10E3A /* Release */ = {
			isa = XCBuildConfiguration;
			baseConfigurationReference = 03AED6B7A8049BFAC4C91644 /* Pods-grip.release.xcconfig */;
			buildSettings = {
				ASSETCATALOG_COMPILER_APPICON_NAME = AppIcon;
				ASSETCATALOG_COMPILER_GLOBAL_ACCENT_COLOR_NAME = AccentColor;
				CODE_SIGN_STYLE = Automatic;
				DEVELOPMENT_TEAM = M29A6H95KD;
				INFOPLIST_FILE = grip/Info.plist;
				IPHONEOS_DEPLOYMENT_TARGET = 11.0;
				LD_RUNPATH_SEARCH_PATHS = (
					"$(inherited)",
					"@executable_path/Frameworks",
				);
				PRODUCT_BUNDLE_IDENTIFIER = clonecoding.leesam.grip;
				PRODUCT_NAME = "$(TARGET_NAME)";
				SWIFT_VERSION = 5.0;
				TARGETED_DEVICE_FAMILY = "1,2";
			};
			name = Release;
		};
		2C763DD0263AFA5500C10E3A /* Debug */ = {
			isa = XCBuildConfiguration;
			baseConfigurationReference = 3D26A7E2D3742A0506FD1D50 /* Pods-gripTests.debug.xcconfig */;
			buildSettings = {
				ALWAYS_EMBED_SWIFT_STANDARD_LIBRARIES = YES;
				BUNDLE_LOADER = "$(TEST_HOST)";
				CODE_SIGN_STYLE = Automatic;
				DEVELOPMENT_TEAM = M29A6H95KD;
				INFOPLIST_FILE = gripTests/Info.plist;
				IPHONEOS_DEPLOYMENT_TARGET = 14.4;
				LD_RUNPATH_SEARCH_PATHS = (
					"$(inherited)",
					"@executable_path/Frameworks",
					"@loader_path/Frameworks",
				);
				PRODUCT_BUNDLE_IDENTIFIER = clonecoding.leesam.gripTests;
				PRODUCT_NAME = "$(TARGET_NAME)";
				SWIFT_VERSION = 5.0;
				TARGETED_DEVICE_FAMILY = "1,2";
				TEST_HOST = "$(BUILT_PRODUCTS_DIR)/grip.app/grip";
			};
			name = Debug;
		};
		2C763DD1263AFA5500C10E3A /* Release */ = {
			isa = XCBuildConfiguration;
			baseConfigurationReference = 31B1970956E0E48A75A53EEE /* Pods-gripTests.release.xcconfig */;
			buildSettings = {
				ALWAYS_EMBED_SWIFT_STANDARD_LIBRARIES = YES;
				BUNDLE_LOADER = "$(TEST_HOST)";
				CODE_SIGN_STYLE = Automatic;
				DEVELOPMENT_TEAM = M29A6H95KD;
				INFOPLIST_FILE = gripTests/Info.plist;
				IPHONEOS_DEPLOYMENT_TARGET = 14.4;
				LD_RUNPATH_SEARCH_PATHS = (
					"$(inherited)",
					"@executable_path/Frameworks",
					"@loader_path/Frameworks",
				);
				PRODUCT_BUNDLE_IDENTIFIER = clonecoding.leesam.gripTests;
				PRODUCT_NAME = "$(TARGET_NAME)";
				SWIFT_VERSION = 5.0;
				TARGETED_DEVICE_FAMILY = "1,2";
				TEST_HOST = "$(BUILT_PRODUCTS_DIR)/grip.app/grip";
			};
			name = Release;
		};
		2C763DD3263AFA5500C10E3A /* Debug */ = {
			isa = XCBuildConfiguration;
			baseConfigurationReference = 0574E006B405FA0B0A50F99E /* Pods-grip-gripUITests.debug.xcconfig */;
			buildSettings = {
				ALWAYS_EMBED_SWIFT_STANDARD_LIBRARIES = YES;
				CODE_SIGN_STYLE = Automatic;
				DEVELOPMENT_TEAM = M29A6H95KD;
				INFOPLIST_FILE = gripUITests/Info.plist;
				LD_RUNPATH_SEARCH_PATHS = (
					"$(inherited)",
					"@executable_path/Frameworks",
					"@loader_path/Frameworks",
				);
				PRODUCT_BUNDLE_IDENTIFIER = clonecoding.leesam.gripUITests;
				PRODUCT_NAME = "$(TARGET_NAME)";
				SWIFT_VERSION = 5.0;
				TARGETED_DEVICE_FAMILY = "1,2";
				TEST_TARGET_NAME = grip;
			};
			name = Debug;
		};
		2C763DD4263AFA5500C10E3A /* Release */ = {
			isa = XCBuildConfiguration;
			baseConfigurationReference = 2A394075FC949379C75153B2 /* Pods-grip-gripUITests.release.xcconfig */;
			buildSettings = {
				ALWAYS_EMBED_SWIFT_STANDARD_LIBRARIES = YES;
				CODE_SIGN_STYLE = Automatic;
				DEVELOPMENT_TEAM = M29A6H95KD;
				INFOPLIST_FILE = gripUITests/Info.plist;
				LD_RUNPATH_SEARCH_PATHS = (
					"$(inherited)",
					"@executable_path/Frameworks",
					"@loader_path/Frameworks",
				);
				PRODUCT_BUNDLE_IDENTIFIER = clonecoding.leesam.gripUITests;
				PRODUCT_NAME = "$(TARGET_NAME)";
				SWIFT_VERSION = 5.0;
				TARGETED_DEVICE_FAMILY = "1,2";
				TEST_TARGET_NAME = grip;
			};
			name = Release;
		};
/* End XCBuildConfiguration section */

/* Begin XCConfigurationList section */
		2C763D9D263AFA5400C10E3A /* Build configuration list for PBXProject "grip" */ = {
			isa = XCConfigurationList;
			buildConfigurations = (
				2C763DCA263AFA5500C10E3A /* Debug */,
				2C763DCB263AFA5500C10E3A /* Release */,
			);
			defaultConfigurationIsVisible = 0;
			defaultConfigurationName = Release;
		};
		2C763DCC263AFA5500C10E3A /* Build configuration list for PBXNativeTarget "grip" */ = {
			isa = XCConfigurationList;
			buildConfigurations = (
				2C763DCD263AFA5500C10E3A /* Debug */,
				2C763DCE263AFA5500C10E3A /* Release */,
			);
			defaultConfigurationIsVisible = 0;
			defaultConfigurationName = Release;
		};
		2C763DCF263AFA5500C10E3A /* Build configuration list for PBXNativeTarget "gripTests" */ = {
			isa = XCConfigurationList;
			buildConfigurations = (
				2C763DD0263AFA5500C10E3A /* Debug */,
				2C763DD1263AFA5500C10E3A /* Release */,
			);
			defaultConfigurationIsVisible = 0;
			defaultConfigurationName = Release;
		};
		2C763DD2263AFA5500C10E3A /* Build configuration list for PBXNativeTarget "gripUITests" */ = {
			isa = XCConfigurationList;
			buildConfigurations = (
				2C763DD3263AFA5500C10E3A /* Debug */,
				2C763DD4263AFA5500C10E3A /* Release */,
			);
			defaultConfigurationIsVisible = 0;
			defaultConfigurationName = Release;
		};
/* End XCConfigurationList section */
	};
	rootObject = 2C763D9A263AFA5400C10E3A /* Project object */;
}
